
Microsoft Visual Studio Solution File, Format Version 12.00
# Visual Studio 15
VisualStudioVersion = 15.0.28307.960
MinimumVisualStudioVersion = 10.0.40219.1
Project("{FAE04EC0-301F-11D3-BF4B-00C04F79EFBC}") = "Week2-AlternativeTaskSln", "Week2-AlternativeTaskSln\Week2-AlternativeTaskSln.csproj", "{7BB70637-9A97-405D-8CD4-5132D1987E69}"
EndProject
Global
	GlobalSection(SolutionConfigurationPlatforms) = preSolution
		Debug|Any CPU = Debug|Any CPU
		Release|Any CPU = Release|Any CPU
	EndGlobalSection
	GlobalSection(ProjectConfigurationPlatforms) = postSolution
		{7BB70637-9A97-405D-8CD4-5132D1987E69}.Debug|Any CPU.ActiveCfg = Debug|Any CPU
		{7BB70637-9A97-405D-8CD4-5132D1987E69}.Debug|Any CPU.Build.0 = Debug|Any CPU
		{7BB70637-9A97-405D-8CD4-5132D1987E69}.Release|Any CPU.ActiveCfg = Release|Any CPU
		{7BB70637-9A97-405D-8CD4-5132D1987E69}.Release|Any CPU.Build.0 = Release|Any CPU
	EndGlobalSection
	GlobalSection(SolutionProperties) = preSolution
		HideSolutionNode = FALSE
	EndGlobalSection
	GlobalSection(ExtensibilityGlobals) = postSolution
		SolutionGuid = {A611368D-6152-4A27-BB08-AFBF652CFC1C}
	EndGlobalSection
EndGlobal
